
Microsoft Visual Studio Solution File, Format Version 12.00
# Visual Studio 15
VisualStudioVersion = 15.0.26124.0
MinimumVisualStudioVersion = 15.0.26124.0
Project("{FAE04EC0-301F-11D3-BF4B-00C04F79EFBC}") = "Q2Viewer", "Q2Viewer\Q2Viewer.csproj", "{C17A37A5-2B36-40D1-BD0B-5003AB944000}"
EndProject
Project("{2150E333-8FDC-42A3-9474-1A3956D46DE8}") = "External", "External", "{13FAFDBF-183C-45E8-B8E2-4034618C5EBF}"
EndProject
Project("{2150E333-8FDC-42A3-9474-1A3956D46DE8}") = "FxSharpFileSystem", "FxSharpFileSystem", "{27ED66E0-CFAF-4BD7-80F6-AF0A0065C08C}"
EndProject
Project("{FAE04EC0-301F-11D3-BF4B-00C04F79EFBC}") = "SharpFileSystem", "External\FxSharpFileSystem\SharpFileSystem\SharpFileSystem.csproj", "{4B3A01ED-3AD3-4258-9C45-B9BA5BB64197}"
EndProject
Project("{2150E333-8FDC-42A3-9474-1A3956D46DE8}") = "Imagini", "Imagini", "{3A4E9885-B5F0-49C0-82C3-B9DC771CA4B9}"
EndProject
Project("{FAE04EC0-301F-11D3-BF4B-00C04F79EFBC}") = "Imagini.Core", "External\Imagini\Imagini.Core\Imagini.Core.csproj", "{349C5F70-733C-401E-B51F-CB7E72D62221}"
EndProject
Project("{FAE04EC0-301F-11D3-BF4B-00C04F79EFBC}") = "Imagini.Veldrid", "External\Imagini\Imagini.Veldrid\Imagini.Veldrid.csproj", "{58AFC526-DCC4-45CB-AFB2-2C55ACAA65E5}"
EndProject
Project("{2150E333-8FDC-42A3-9474-1A3956D46DE8}") = "External", "External", "{7893FB28-9EC0-4977-B65A-09244DB53CDE}"
EndProject
Project("{2150E333-8FDC-42A3-9474-1A3956D46DE8}") = "SDL2.NETCore", "SDL2.NETCore", "{BAC5D048-B789-43BA-965C-F8146B61D681}"
EndProject
Project("{FAE04EC0-301F-11D3-BF4B-00C04F79EFBC}") = "SDL2.NETCore", "External\Imagini\External\SDL2.NETCore\SDL2\SDL2.NETCore.csproj", "{D0FE9836-346E-4790-90C2-13ABD9885740}"
EndProject
Project("{FAE04EC0-301F-11D3-BF4B-00C04F79EFBC}") = "Tests", "Tests\Tests.csproj", "{1C26CA9B-9A14-46C1-AE87-A1A4822BE1DB}"
EndProject
Project("{FAE04EC0-301F-11D3-BF4B-00C04F79EFBC}") = "Common", "Common\Common.csproj", "{94178D10-37CA-4151-8F94-222E4B9684D9}"
EndProject
Project("{FAE04EC0-301F-11D3-BF4B-00C04F79EFBC}") = "MD2Viewer", "MD2Viewer\MD2Viewer.csproj", "{1562816B-3859-4011-91CC-C05259C00CEA}"
EndProject
Global
	GlobalSection(SolutionConfigurationPlatforms) = preSolution
		Debug|Any CPU = Debug|Any CPU
		Debug|x64 = Debug|x64
		Debug|x86 = Debug|x86
		Release|Any CPU = Release|Any CPU
		Release|x64 = Release|x64
		Release|x86 = Release|x86
	EndGlobalSection
	GlobalSection(SolutionProperties) = preSolution
		HideSolutionNode = FALSE
	EndGlobalSection
	GlobalSection(ProjectConfigurationPlatforms) = postSolution
		{C17A37A5-2B36-40D1-BD0B-5003AB944000}.Debug|Any CPU.ActiveCfg = Debug|Any CPU
		{C17A37A5-2B36-40D1-BD0B-5003AB944000}.Debug|Any CPU.Build.0 = Debug|Any CPU
		{C17A37A5-2B36-40D1-BD0B-5003AB944000}.Debug|x64.ActiveCfg = Debug|Any CPU
		{C17A37A5-2B36-40D1-BD0B-5003AB944000}.Debug|x64.Build.0 = Debug|Any CPU
		{C17A37A5-2B36-40D1-BD0B-5003AB944000}.Debug|x86.ActiveCfg = Debug|Any CPU
		{C17A37A5-2B36-40D1-BD0B-5003AB944000}.Debug|x86.Build.0 = Debug|Any CPU
		{C17A37A5-2B36-40D1-BD0B-5003AB944000}.Release|Any CPU.ActiveCfg = Release|Any CPU
		{C17A37A5-2B36-40D1-BD0B-5003AB944000}.Release|Any CPU.Build.0 = Release|Any CPU
		{C17A37A5-2B36-40D1-BD0B-5003AB944000}.Release|x64.ActiveCfg = Release|Any CPU
		{C17A37A5-2B36-40D1-BD0B-5003AB944000}.Release|x64.Build.0 = Release|Any CPU
		{C17A37A5-2B36-40D1-BD0B-5003AB944000}.Release|x86.ActiveCfg = Release|Any CPU
		{C17A37A5-2B36-40D1-BD0B-5003AB944000}.Release|x86.Build.0 = Release|Any CPU
		{4B3A01ED-3AD3-4258-9C45-B9BA5BB64197}.Debug|Any CPU.ActiveCfg = Debug|Any CPU
		{4B3A01ED-3AD3-4258-9C45-B9BA5BB64197}.Debug|Any CPU.Build.0 = Debug|Any CPU
		{4B3A01ED-3AD3-4258-9C45-B9BA5BB64197}.Debug|x64.ActiveCfg = Debug|Any CPU
		{4B3A01ED-3AD3-4258-9C45-B9BA5BB64197}.Debug|x64.Build.0 = Debug|Any CPU
		{4B3A01ED-3AD3-4258-9C45-B9BA5BB64197}.Debug|x86.ActiveCfg = Debug|Any CPU
		{4B3A01ED-3AD3-4258-9C45-B9BA5BB64197}.Debug|x86.Build.0 = Debug|Any CPU
		{4B3A01ED-3AD3-4258-9C45-B9BA5BB64197}.Release|Any CPU.ActiveCfg = Release|Any CPU
		{4B3A01ED-3AD3-4258-9C45-B9BA5BB64197}.Release|Any CPU.Build.0 = Release|Any CPU
		{4B3A01ED-3AD3-4258-9C45-B9BA5BB64197}.Release|x64.ActiveCfg = Release|Any CPU
		{4B3A01ED-3AD3-4258-9C45-B9BA5BB64197}.Release|x64.Build.0 = Release|Any CPU
		{4B3A01ED-3AD3-4258-9C45-B9BA5BB64197}.Release|x86.ActiveCfg = Release|Any CPU
		{4B3A01ED-3AD3-4258-9C45-B9BA5BB64197}.Release|x86.Build.0 = Release|Any CPU
		{349C5F70-733C-401E-B51F-CB7E72D62221}.Debug|Any CPU.ActiveCfg = Debug|Any CPU
		{349C5F70-733C-401E-B51F-CB7E72D62221}.Debug|Any CPU.Build.0 = Debug|Any CPU
		{349C5F70-733C-401E-B51F-CB7E72D62221}.Debug|x64.ActiveCfg = Debug|Any CPU
		{349C5F70-733C-401E-B51F-CB7E72D62221}.Debug|x64.Build.0 = Debug|Any CPU
		{349C5F70-733C-401E-B51F-CB7E72D62221}.Debug|x86.ActiveCfg = Debug|Any CPU
		{349C5F70-733C-401E-B51F-CB7E72D62221}.Debug|x86.Build.0 = Debug|Any CPU
		{349C5F70-733C-401E-B51F-CB7E72D62221}.Release|Any CPU.ActiveCfg = Release|Any CPU
		{349C5F70-733C-401E-B51F-CB7E72D62221}.Release|Any CPU.Build.0 = Release|Any CPU
		{349C5F70-733C-401E-B51F-CB7E72D62221}.Release|x64.ActiveCfg = Release|Any CPU
		{349C5F70-733C-401E-B51F-CB7E72D62221}.Release|x64.Build.0 = Release|Any CPU
		{349C5F70-733C-401E-B51F-CB7E72D62221}.Release|x86.ActiveCfg = Release|Any CPU
		{349C5F70-733C-401E-B51F-CB7E72D62221}.Release|x86.Build.0 = Release|Any CPU
		{58AFC526-DCC4-45CB-AFB2-2C55ACAA65E5}.Debug|Any CPU.ActiveCfg = Debug|Any CPU
		{58AFC526-DCC4-45CB-AFB2-2C55ACAA65E5}.Debug|Any CPU.Build.0 = Debug|Any CPU
		{58AFC526-DCC4-45CB-AFB2-2C55ACAA65E5}.Debug|x64.ActiveCfg = Debug|Any CPU
		{58AFC526-DCC4-45CB-AFB2-2C55ACAA65E5}.Debug|x64.Build.0 = Debug|Any CPU
		{58AFC526-DCC4-45CB-AFB2-2C55ACAA65E5}.Debug|x86.ActiveCfg = Debug|Any CPU
		{58AFC526-DCC4-45CB-AFB2-2C55ACAA65E5}.Debug|x86.Build.0 = Debug|Any CPU
		{58AFC526-DCC4-45CB-AFB2-2C55ACAA65E5}.Release|Any CPU.ActiveCfg = Release|Any CPU
		{58AFC526-DCC4-45CB-AFB2-2C55ACAA65E5}.Release|Any CPU.Build.0 = Release|Any CPU
		{58AFC526-DCC4-45CB-AFB2-2C55ACAA65E5}.Release|x64.ActiveCfg = Release|Any CPU
		{58AFC526-DCC4-45CB-AFB2-2C55ACAA65E5}.Release|x64.Build.0 = Release|Any CPU
		{58AFC526-DCC4-45CB-AFB2-2C55ACAA65E5}.Release|x86.ActiveCfg = Release|Any CPU
		{58AFC526-DCC4-45CB-AFB2-2C55ACAA65E5}.Release|x86.Build.0 = Release|Any CPU
		{D0FE9836-346E-4790-90C2-13ABD9885740}.Debug|Any CPU.ActiveCfg = Debug|Any CPU
		{D0FE9836-346E-4790-90C2-13ABD9885740}.Debug|Any CPU.Build.0 = Debug|Any CPU
		{D0FE9836-346E-4790-90C2-13ABD9885740}.Debug|x64.ActiveCfg = Debug|Any CPU
		{D0FE9836-346E-4790-90C2-13ABD9885740}.Debug|x64.Build.0 = Debug|Any CPU
		{D0FE9836-346E-4790-90C2-13ABD9885740}.Debug|x86.ActiveCfg = Debug|Any CPU
		{D0FE9836-346E-4790-90C2-13ABD9885740}.Debug|x86.Build.0 = Debug|Any CPU
		{D0FE9836-346E-4790-90C2-13ABD9885740}.Release|Any CPU.ActiveCfg = Release|Any CPU
		{D0FE9836-346E-4790-90C2-13ABD9885740}.Release|Any CPU.Build.0 = Release|Any CPU
		{D0FE9836-346E-4790-90C2-13ABD9885740}.Release|x64.ActiveCfg = Release|Any CPU
		{D0FE9836-346E-4790-90C2-13ABD9885740}.Release|x64.Build.0 = Release|Any CPU
		{D0FE9836-346E-4790-90C2-13ABD9885740}.Release|x86.ActiveCfg = Release|Any CPU
		{D0FE9836-346E-4790-90C2-13ABD9885740}.Release|x86.Build.0 = Release|Any CPU
		{1C26CA9B-9A14-46C1-AE87-A1A4822BE1DB}.Debug|Any CPU.ActiveCfg = Debug|Any CPU
		{1C26CA9B-9A14-46C1-AE87-A1A4822BE1DB}.Debug|Any CPU.Build.0 = Debug|Any CPU
		{1C26CA9B-9A14-46C1-AE87-A1A4822BE1DB}.Debug|x64.ActiveCfg = Debug|Any CPU
		{1C26CA9B-9A14-46C1-AE87-A1A4822BE1DB}.Debug|x64.Build.0 = Debug|Any CPU
		{1C26CA9B-9A14-46C1-AE87-A1A4822BE1DB}.Debug|x86.ActiveCfg = Debug|Any CPU
		{1C26CA9B-9A14-46C1-AE87-A1A4822BE1DB}.Debug|x86.Build.0 = Debug|Any CPU
		{1C26CA9B-9A14-46C1-AE87-A1A4822BE1DB}.Release|Any CPU.ActiveCfg = Release|Any CPU
		{1C26CA9B-9A14-46C1-AE87-A1A4822BE1DB}.Release|Any CPU.Build.0 = Release|Any CPU
		{1C26CA9B-9A14-46C1-AE87-A1A4822BE1DB}.Release|x64.ActiveCfg = Release|Any CPU
		{1C26CA9B-9A14-46C1-AE87-A1A4822BE1DB}.Release|x64.Build.0 = Release|Any CPU
		{1C26CA9B-9A14-46C1-AE87-A1A4822BE1DB}.Release|x86.ActiveCfg = Release|Any CPU
		{1C26CA9B-9A14-46C1-AE87-A1A4822BE1DB}.Release|x86.Build.0 = Release|Any CPU
		{94178D10-37CA-4151-8F94-222E4B9684D9}.Debug|Any CPU.ActiveCfg = Debug|Any CPU
		{94178D10-37CA-4151-8F94-222E4B9684D9}.Debug|Any CPU.Build.0 = Debug|Any CPU
		{94178D10-37CA-4151-8F94-222E4B9684D9}.Debug|x64.ActiveCfg = Debug|Any CPU
		{94178D10-37CA-4151-8F94-222E4B9684D9}.Debug|x64.Build.0 = Debug|Any CPU
		{94178D10-37CA-4151-8F94-222E4B9684D9}.Debug|x86.ActiveCfg = Debug|Any CPU
		{94178D10-37CA-4151-8F94-222E4B9684D9}.Debug|x86.Build.0 = Debug|Any CPU
		{94178D10-37CA-4151-8F94-222E4B9684D9}.Release|Any CPU.ActiveCfg = Release|Any CPU
		{94178D10-37CA-4151-8F94-222E4B9684D9}.Release|Any CPU.Build.0 = Release|Any CPU
		{94178D10-37CA-4151-8F94-222E4B9684D9}.Release|x64.ActiveCfg = Release|Any CPU
		{94178D10-37CA-4151-8F94-222E4B9684D9}.Release|x64.Build.0 = Release|Any CPU
		{94178D10-37CA-4151-8F94-222E4B9684D9}.Release|x86.ActiveCfg = Release|Any CPU
		{94178D10-37CA-4151-8F94-222E4B9684D9}.Release|x86.Build.0 = Release|Any CPU
		{1562816B-3859-4011-91CC-C05259C00CEA}.Debug|Any CPU.ActiveCfg = Debug|Any CPU
		{1562816B-3859-4011-91CC-C05259C00CEA}.Debug|Any CPU.Build.0 = Debug|Any CPU
		{1562816B-3859-4011-91CC-C05259C00CEA}.Debug|x64.ActiveCfg = Debug|Any CPU
		{1562816B-3859-4011-91CC-C05259C00CEA}.Debug|x64.Build.0 = Debug|Any CPU
		{1562816B-3859-4011-91CC-C05259C00CEA}.Debug|x86.ActiveCfg = Debug|Any CPU
		{1562816B-3859-4011-91CC-C05259C00CEA}.Debug|x86.Build.0 = Debug|Any CPU
		{1562816B-3859-4011-91CC-C05259C00CEA}.Release|Any CPU.ActiveCfg = Release|Any CPU
		{1562816B-3859-4011-91CC-C05259C00CEA}.Release|Any CPU.Build.0 = Release|Any CPU
		{1562816B-3859-4011-91CC-C05259C00CEA}.Release|x64.ActiveCfg = Release|Any CPU
		{1562816B-3859-4011-91CC-C05259C00CEA}.Release|x64.Build.0 = Release|Any CPU
		{1562816B-3859-4011-91CC-C05259C00CEA}.Release|x86.ActiveCfg = Release|Any CPU
		{1562816B-3859-4011-91CC-C05259C00CEA}.Release|x86.Build.0 = Release|Any CPU
	EndGlobalSection
	GlobalSection(NestedProjects) = preSolution
		{27ED66E0-CFAF-4BD7-80F6-AF0A0065C08C} = {13FAFDBF-183C-45E8-B8E2-4034618C5EBF}
		{4B3A01ED-3AD3-4258-9C45-B9BA5BB64197} = {27ED66E0-CFAF-4BD7-80F6-AF0A0065C08C}
		{3A4E9885-B5F0-49C0-82C3-B9DC771CA4B9} = {13FAFDBF-183C-45E8-B8E2-4034618C5EBF}
		{349C5F70-733C-401E-B51F-CB7E72D62221} = {3A4E9885-B5F0-49C0-82C3-B9DC771CA4B9}
		{58AFC526-DCC4-45CB-AFB2-2C55ACAA65E5} = {3A4E9885-B5F0-49C0-82C3-B9DC771CA4B9}
		{7893FB28-9EC0-4977-B65A-09244DB53CDE} = {3A4E9885-B5F0-49C0-82C3-B9DC771CA4B9}
		{BAC5D048-B789-43BA-965C-F8146B61D681} = {7893FB28-9EC0-4977-B65A-09244DB53CDE}
		{D0FE9836-346E-4790-90C2-13ABD9885740} = {BAC5D048-B789-43BA-965C-F8146B61D681}
	EndGlobalSection
EndGlobal
